// !$*UTF8*$!
{
	archiveVersion = 1;
	classes = {
	};
	objectVersion = 56;
	objects = {

/* Begin PBXBuildFile section */
		B4E2D8709A50713F41DE24F3 /* Pods_GoogleMapGeofence.framework in Frameworks */ = {isa = PBXBuildFile; fileRef = BFEBC6D1D4C89E51C2699B09 /* Pods_GoogleMapGeofence.framework */; };
		F442488D2D5A012100A5034E /* GoogleMapGeofenceApp.swift in Sources */ = {isa = PBXBuildFile; fileRef = F442488C2D5A012100A5034E /* GoogleMapGeofenceApp.swift */; };
		F442488F2D5A012100A5034E /* ContentView.swift in Sources */ = {isa = PBXBuildFile; fileRef = F442488E2D5A012100A5034E /* ContentView.swift */; };
		F44248912D5A012200A5034E /* Assets.xcassets in Resources */ = {isa = PBXBuildFile; fileRef = F44248902D5A012200A5034E /* Assets.xcassets */; };
		F44248942D5A012200A5034E /* Preview Assets.xcassets in Resources */ = {isa = PBXBuildFile; fileRef = F44248932D5A012200A5034E /* Preview Assets.xcassets */; };
		F442489C2D5A0B4700A5034E /* GoogleMapView.swift in Sources */ = {isa = PBXBuildFile; fileRef = F442489B2D5A0B4700A5034E /* GoogleMapView.swift */; };
		F442489E2D5A0EA500A5034E /* LocationManager.swift in Sources */ = {isa = PBXBuildFile; fileRef = F442489D2D5A0EA500A5034E /* LocationManager.swift */; };
		F4A1C7BC2D5B250200321B44 /* GeofenceManager.swift in Sources */ = {isa = PBXBuildFile; fileRef = F4A1C7BB2D5B250200321B44 /* GeofenceManager.swift */; };
		F4A1C7C02D5B2D8500321B44 /* MapViewController.swift in Sources */ = {isa = PBXBuildFile; fileRef = F4A1C7BF2D5B2D8500321B44 /* MapViewController.swift */; };
/* End PBXBuildFile section */

/* Begin PBXFileReference section */
		07FCDF31736E4D51C074CB40 /* Pods-GoogleMapGeofence.release.xcconfig */ = {isa = PBXFileReference; includeInIndex = 1; lastKnownFileType = text.xcconfig; name = "Pods-GoogleMapGeofence.release.xcconfig"; path = "Target Support Files/Pods-GoogleMapGeofence/Pods-GoogleMapGeofence.release.xcconfig"; sourceTree = "<group>"; };
		2626204E27F7A60FFDC254EA /* Pods-GoogleMapGeofence.debug.xcconfig */ = {isa = PBXFileReference; includeInIndex = 1; lastKnownFileType = text.xcconfig; name = "Pods-GoogleMapGeofence.debug.xcconfig"; path = "Target Support Files/Pods-GoogleMapGeofence/Pods-GoogleMapGeofence.debug.xcconfig"; sourceTree = "<group>"; };
		BFEBC6D1D4C89E51C2699B09 /* Pods_GoogleMapGeofence.framework */ = {isa = PBXFileReference; explicitFileType = wrapper.framework; includeInIndex = 0; path = Pods_GoogleMapGeofence.framework; sourceTree = BUILT_PRODUCTS_DIR; };
		F44248892D5A012100A5034E /* GoogleMapGeofence.app */ = {isa = PBXFileReference; explicitFileType = wrapper.application; includeInIndex = 0; path = GoogleMapGeofence.app; sourceTree = BUILT_PRODUCTS_DIR; };
		F442488C2D5A012100A5034E /* GoogleMapGeofenceApp.swift */ = {isa = PBXFileReference; lastKnownFileType = sourcecode.swift; path = GoogleMapGeofenceApp.swift; sourceTree = "<group>"; };
		F442488E2D5A012100A5034E /* ContentView.swift */ = {isa = PBXFileReference; lastKnownFileType = sourcecode.swift; path = ContentView.swift; sourceTree = "<group>"; };
		F44248902D5A012200A5034E /* Assets.xcassets */ = {isa = PBXFileReference; lastKnownFileType = folder.assetcatalog; path = Assets.xcassets; sourceTree = "<group>"; };
		F44248932D5A012200A5034E /* Preview Assets.xcassets */ = {isa = PBXFileReference; lastKnownFileType = folder.assetcatalog; path = "Preview Assets.xcassets"; sourceTree = "<group>"; };
		F442489A2D5A032F00A5034E /* Info.plist */ = {isa = PBXFileReference; lastKnownFileType = text.plist; path = Info.plist; sourceTree = "<group>"; };
		F442489B2D5A0B4700A5034E /* GoogleMapView.swift */ = {isa = PBXFileReference; lastKnownFileType = sourcecode.swift; path = GoogleMapView.swift; sourceTree = "<group>"; };
		F442489D2D5A0EA500A5034E /* LocationManager.swift */ = {isa = PBXFileReference; lastKnownFileType = sourcecode.swift; path = LocationManager.swift; sourceTree = "<group>"; };
		F4A1C7BB2D5B250200321B44 /* GeofenceManager.swift */ = {isa = PBXFileReference; lastKnownFileType = sourcecode.swift; path = GeofenceManager.swift; sourceTree = "<group>"; };
		F4A1C7BF2D5B2D8500321B44 /* MapViewController.swift */ = {isa = PBXFileReference; lastKnownFileType = sourcecode.swift; path = MapViewController.swift; sourceTree = "<group>"; };
/* End PBXFileReference section */

/* Begin PBXFrameworksBuildPhase section */
		F44248862D5A012100A5034E /* Frameworks */ = {
			isa = PBXFrameworksBuildPhase;
			buildActionMask = 2147483647;
			files = (
				B4E2D8709A50713F41DE24F3 /* Pods_GoogleMapGeofence.framework in Frameworks */,
			);
			runOnlyForDeploymentPostprocessing = 0;
		};
/* End PBXFrameworksBuildPhase section */

/* Begin PBXGroup section */
		1173718BF261A140E9EFA8DC /* Frameworks */ = {
			isa = PBXGroup;
			children = (
				BFEBC6D1D4C89E51C2699B09 /* Pods_GoogleMapGeofence.framework */,
			);
			name = Frameworks;
			sourceTree = "<group>";
		};
		C58CF26D5958E3AD77BEF662 /* Pods */ = {
			isa = PBXGroup;
			children = (
				2626204E27F7A60FFDC254EA /* Pods-GoogleMapGeofence.debug.xcconfig */,
				07FCDF31736E4D51C074CB40 /* Pods-GoogleMapGeofence.release.xcconfig */,
			);
			path = Pods;
			sourceTree = "<group>";
		};
		F44248802D5A012100A5034E = {
			isa = PBXGroup;
			children = (
				F442488B2D5A012100A5034E /* GoogleMapGeofence */,
				F442488A2D5A012100A5034E /* Products */,
				C58CF26D5958E3AD77BEF662 /* Pods */,
				1173718BF261A140E9EFA8DC /* Frameworks */,
			);
			sourceTree = "<group>";
		};
		F442488A2D5A012100A5034E /* Products */ = {
			isa = PBXGroup;
			children = (
				F44248892D5A012100A5034E /* GoogleMapGeofence.app */,
			);
			name = Products;
			sourceTree = "<group>";
		};
		F442488B2D5A012100A5034E /* GoogleMapGeofence */ = {
			isa = PBXGroup;
			children = (
				F442488C2D5A012100A5034E /* GoogleMapGeofenceApp.swift */,
				F4C96DD82D5C98C1006DF9E7 /* Utils */,
				F4C96DD72D5C98B3006DF9E7 /* App Manager */,
				F4C96DD62D5C98A8006DF9E7 /* View Controller */,
				F4C96DD52D5C989F006DF9E7 /* View */,
				F442489A2D5A032F00A5034E /* Info.plist */,
				F44248902D5A012200A5034E /* Assets.xcassets */,
				F44248922D5A012200A5034E /* Preview Content */,
			);
			path = GoogleMapGeofence;
			sourceTree = "<group>";
		};
		F44248922D5A012200A5034E /* Preview Content */ = {
			isa = PBXGroup;
			children = (
				F44248932D5A012200A5034E /* Preview Assets.xcassets */,
			);
			path = "Preview Content";
			sourceTree = "<group>";
		};
		F4C96DD52D5C989F006DF9E7 /* View */ = {
			isa = PBXGroup;
			children = (
				F442488E2D5A012100A5034E /* ContentView.swift */,
				F442489B2D5A0B4700A5034E /* GoogleMapView.swift */,
			);
			path = View;
			sourceTree = "<group>";
		};
		F4C96DD62D5C98A8006DF9E7 /* View Controller */ = {
			isa = PBXGroup;
			children = (
				F4A1C7BF2D5B2D8500321B44 /* MapViewController.swift */,
			);
			path = "View Controller";
			sourceTree = "<group>";
		};
		F4C96DD72D5C98B3006DF9E7 /* App Manager */ = {
			isa = PBXGroup;
			children = (
				F4A1C7BB2D5B250200321B44 /* GeofenceManager.swift */,
				F442489D2D5A0EA500A5034E /* LocationManager.swift */,
			);
			path = "App Manager";
			sourceTree = "<group>";
		};
		F4C96DD82D5C98C1006DF9E7 /* Utils */ = {
			isa = PBXGroup;
			children = (
			);
			path = Utils;
			sourceTree = "<group>";
		};
/* End PBXGroup section */

/* Begin PBXNativeTarget section */
		F44248882D5A012100A5034E /* GoogleMapGeofence */ = {
			isa = PBXNativeTarget;
			buildConfigurationList = F44248972D5A012200A5034E /* Build configuration list for PBXNativeTarget "GoogleMapGeofence" */;
			buildPhases = (
				5F91634AC16855936C0ED7BC /* [CP] Check Pods Manifest.lock */,
				F44248852D5A012100A5034E /* Sources */,
				F44248862D5A012100A5034E /* Frameworks */,
				F44248872D5A012100A5034E /* Resources */,
				489A616AA7882B0FA9A8A782 /* [CP] Copy Pods Resources */,
			);
			buildRules = (
			);
			dependencies = (
			);
			name = GoogleMapGeofence;
			productName = GoogleMapGeofence;
			productReference = F44248892D5A012100A5034E /* GoogleMapGeofence.app */;
			productType = "com.apple.product-type.application";
		};
/* End PBXNativeTarget section */

/* Begin PBXProject section */
		F44248812D5A012100A5034E /* Project object */ = {
			isa = PBXProject;
			attributes = {
				BuildIndependentTargetsInParallel = 1;
				LastSwiftUpdateCheck = 1530;
				LastUpgradeCheck = 1530;
				TargetAttributes = {
					F44248882D5A012100A5034E = {
						CreatedOnToolsVersion = 15.3;
					};
				};
			};
			buildConfigurationList = F44248842D5A012100A5034E /* Build configuration list for PBXProject "GoogleMapGeofence" */;
			compatibilityVersion = "Xcode 14.0";
			developmentRegion = en;
			hasScannedForEncodings = 0;
			knownRegions = (
				en,
				Base,
			);
			mainGroup = F44248802D5A012100A5034E;
			productRefGroup = F442488A2D5A012100A5034E /* Products */;
			projectDirPath = "";
			projectRoot = "";
			targets = (
				F44248882D5A012100A5034E /* GoogleMapGeofence */,
			);
		};
/* End PBXProject section */

/* Begin PBXResourcesBuildPhase section */
		F44248872D5A012100A5034E /* Resources */ = {
			isa = PBXResourcesBuildPhase;
			buildActionMask = 2147483647;
			files = (
				F44248942D5A012200A5034E /* Preview Assets.xcassets in Resources */,
				F44248912D5A012200A5034E /* Assets.xcassets in Resources */,
			);
			runOnlyForDeploymentPostprocessing = 0;
		};
/* End PBXResourcesBuildPhase section */

/* Begin PBXShellScriptBuildPhase section */
		489A616AA7882B0FA9A8A782 /* [CP] Copy Pods Resources */ = {
			isa = PBXShellScriptBuildPhase;
			buildActionMask = 2147483647;
			files = (
			);
			inputFileListPaths = (
				"${PODS_ROOT}/Target Support Files/Pods-GoogleMapGeofence/Pods-GoogleMapGeofence-resources-${CONFIGURATION}-input-files.xcfilelist",
			);
			name = "[CP] Copy Pods Resources";
			outputFileListPaths = (
				"${PODS_ROOT}/Target Support Files/Pods-GoogleMapGeofence/Pods-GoogleMapGeofence-resources-${CONFIGURATION}-output-files.xcfilelist",
			);
			runOnlyForDeploymentPostprocessing = 0;
			shellPath = /bin/sh;
			shellScript = "\"${PODS_ROOT}/Target Support Files/Pods-GoogleMapGeofence/Pods-GoogleMapGeofence-resources.sh\"\n";
			showEnvVarsInLog = 0;
		};
		5F91634AC16855936C0ED7BC /* [CP] Check Pods Manifest.lock */ = {
			isa = PBXShellScriptBuildPhase;
			buildActionMask = 2147483647;
			files = (
			);
			inputFileListPaths = (
			);
			inputPaths = (
				"${PODS_PODFILE_DIR_PATH}/Podfile.lock",
				"${PODS_ROOT}/Manifest.lock",
			);
			name = "[CP] Check Pods Manifest.lock";
			outputFileListPaths = (
			);
			outputPaths = (
				"$(DERIVED_FILE_DIR)/Pods-GoogleMapGeofence-checkManifestLockResult.txt",
			);
			runOnlyForDeploymentPostprocessing = 0;
			shellPath = /bin/sh;
			shellScript = "diff \"${PODS_PODFILE_DIR_PATH}/Podfile.lock\" \"${PODS_ROOT}/Manifest.lock\" > /dev/null\nif [ $? != 0 ] ; then\n    # print error to STDERR\n    echo \"error: The sandbox is not in sync with the Podfile.lock. Run 'pod install' or update your CocoaPods installation.\" >&2\n    exit 1\nfi\n# This output is used by Xcode 'outputs' to avoid re-running this script phase.\necho \"SUCCESS\" > \"${SCRIPT_OUTPUT_FILE_0}\"\n";
			showEnvVarsInLog = 0;
		};
/* End PBXShellScriptBuildPhase section */

/* Begin PBXSourcesBuildPhase section */
		F44248852D5A012100A5034E /* Sources */ = {
			isa = PBXSourcesBuildPhase;
			buildActionMask = 2147483647;
			files = (
				F442488F2D5A012100A5034E /* ContentView.swift in Sources */,
				F4A1C7C02D5B2D8500321B44 /* MapViewController.swift in Sources */,
				F442488D2D5A012100A5034E /* GoogleMapGeofenceApp.swift in Sources */,
				F442489E2D5A0EA500A5034E /* LocationManager.swift in Sources */,
				F442489C2D5A0B4700A5034E /* GoogleMapView.swift in Sources */,
				F4A1C7BC2D5B250200321B44 /* GeofenceManager.swift in Sources */,
			);
			runOnlyForDeploymentPostprocessing = 0;
		};
/* End PBXSourcesBuildPhase section */

/* Begin XCBuildConfiguration section */
		F44248952D5A012200A5034E /* Debug */ = {
			isa = XCBuildConfiguration;
			buildSettings = {
				ALWAYS_SEARCH_USER_PATHS = NO;
				ASSETCATALOG_COMPILER_GENERATE_SWIFT_ASSET_SYMBOL_EXTENSIONS = YES;
				CLANG_ANALYZER_NONNULL = YES;
				CLANG_ANALYZER_NUMBER_OBJECT_CONVERSION = YES_AGGRESSIVE;
				CLANG_CXX_LANGUAGE_STANDARD = "gnu++20";
				CLANG_ENABLE_MODULES = YES;
				CLANG_ENABLE_OBJC_ARC = YES;
				CLANG_ENABLE_OBJC_WEAK = YES;
				CLANG_WARN_BLOCK_CAPTURE_AUTORELEASING = YES;
				CLANG_WARN_BOOL_CONVERSION = YES;
				CLANG_WARN_COMMA = YES;
				CLANG_WARN_CONSTANT_CONVERSION = YES;
				CLANG_WARN_DEPRECATED_OBJC_IMPLEMENTATIONS = YES;
				CLANG_WARN_DIRECT_OBJC_ISA_USAGE = YES_ERROR;
				CLANG_WARN_DOCUMENTATION_COMMENTS = YES;
				CLANG_WARN_EMPTY_BODY = YES;
				CLANG_WARN_ENUM_CONVERSION = YES;
				CLANG_WARN_INFINITE_RECURSION = YES;
				CLANG_WARN_INT_CONVERSION = YES;
				CLANG_WARN_NON_LITERAL_NULL_CONVERSION = YES;
				CLANG_WARN_OBJC_IMPLICIT_RETAIN_SELF = YES;
				CLANG_WARN_OBJC_LITERAL_CONVERSION = YES;
				CLANG_WARN_OBJC_ROOT_CLASS = YES_ERROR;
				CLANG_WARN_QUOTED_INCLUDE_IN_FRAMEWORK_HEADER = YES;
				CLANG_WARN_RANGE_LOOP_ANALYSIS = YES;
				CLANG_WARN_STRICT_PROTOTYPES = YES;
				CLANG_WARN_SUSPICIOUS_MOVE = YES;
				CLANG_WARN_UNGUARDED_AVAILABILITY = YES_AGGRESSIVE;
				CLANG_WARN_UNREACHABLE_CODE = YES;
				CLANG_WARN__DUPLICATE_METHOD_MATCH = YES;
				COPY_PHASE_STRIP = NO;
				DEBUG_INFORMATION_FORMAT = dwarf;
				ENABLE_STRICT_OBJC_MSGSEND = YES;
				ENABLE_TESTABILITY = YES;
				ENABLE_USER_SCRIPT_SANDBOXING = NO;
				GCC_C_LANGUAGE_STANDARD = gnu17;
				GCC_DYNAMIC_NO_PIC = NO;
				GCC_NO_COMMON_BLOCKS = YES;
				GCC_OPTIMIZATION_LEVEL = 0;
				GCC_PREPROCESSOR_DEFINITIONS = (
					"DEBUG=1",
					"$(inherited)",
				);
				GCC_WARN_64_TO_32_BIT_CONVERSION = YES;
				GCC_WARN_ABOUT_RETURN_TYPE = YES_ERROR;
				GCC_WARN_UNDECLARED_SELECTOR = YES;
				GCC_WARN_UNINITIALIZED_AUTOS = YES_AGGRESSIVE;
				GCC_WARN_UNUSED_FUNCTION = YES;
				GCC_WARN_UNUSED_VARIABLE = YES;
				IPHONEOS_DEPLOYMENT_TARGET = 15.0;
				LOCALIZATION_PREFERS_STRING_CATALOGS = YES;
				MTL_ENABLE_DEBUG_INFO = INCLUDE_SOURCE;
				MTL_FAST_MATH = YES;
				ONLY_ACTIVE_ARCH = YES;
				SDKROOT = iphoneos;
				SWIFT_ACTIVE_COMPILATION_CONDITIONS = "DEBUG $(inherited)";
				SWIFT_OPTIMIZATION_LEVEL = "-Onone";
			};
			name = Debug;
		};
		F44248962D5A012200A5034E /* Release */ = {
			isa = XCBuildConfiguration;
			buildSettings = {
				ALWAYS_SEARCH_USER_PATHS = NO;
				ASSETCATALOG_COMPILER_GENERATE_SWIFT_ASSET_SYMBOL_EXTENSIONS = YES;
				CLANG_ANALYZER_NONNULL = YES;
				CLANG_ANALYZER_NUMBER_OBJECT_CONVERSION = YES_AGGRESSIVE;
				CLANG_CXX_LANGUAGE_STANDARD = "gnu++20";
				CLANG_ENABLE_MODULES = YES;
				CLANG_ENABLE_OBJC_ARC = YES;
				CLANG_ENABLE_OBJC_WEAK = YES;
				CLANG_WARN_BLOCK_CAPTURE_AUTORELEASING = YES;
				CLANG_WARN_BOOL_CONVERSION = YES;
				CLANG_WARN_COMMA = YES;
				CLANG_WARN_CONSTANT_CONVERSION = YES;
				CLANG_WARN_DEPRECATED_OBJC_IMPLEMENTATIONS = YES;
				CLANG_WARN_DIRECT_OBJC_ISA_USAGE = YES_ERROR;
				CLANG_WARN_DOCUMENTATION_COMMENTS = YES;
				CLANG_WARN_EMPTY_BODY = YES;
				CLANG_WARN_ENUM_CONVERSION = YES;
				CLANG_WARN_INFINITE_RECURSION = YES;
				CLANG_WARN_INT_CONVERSION = YES;
				CLANG_WARN_NON_LITERAL_NULL_CONVERSION = YES;
				CLANG_WARN_OBJC_IMPLICIT_RETAIN_SELF = YES;
				CLANG_WARN_OBJC_LITERAL_CONVERSION = YES;
				CLANG_WARN_OBJC_ROOT_CLASS = YES_ERROR;
				CLANG_WARN_QUOTED_INCLUDE_IN_FRAMEWORK_HEADER = YES;
				CLANG_WARN_RANGE_LOOP_ANALYSIS = YES;
				CLANG_WARN_STRICT_PROTOTYPES = YES;
				CLANG_WARN_SUSPICIOUS_MOVE = YES;
				CLANG_WARN_UNGUARDED_AVAILABILITY = YES_AGGRESSIVE;
				CLANG_WARN_UNREACHABLE_CODE = YES;
				CLANG_WARN__DUPLICATE_METHOD_MATCH = YES;
				COPY_PHASE_STRIP = NO;
				DEBUG_INFORMATION_FORMAT = "dwarf-with-dsym";
				ENABLE_NS_ASSERTIONS = NO;
				ENABLE_STRICT_OBJC_MSGSEND = YES;
				ENABLE_USER_SCRIPT_SANDBOXING = NO;
				GCC_C_LANGUAGE_STANDARD = gnu17;
				GCC_NO_COMMON_BLOCKS = YES;
				GCC_WARN_64_TO_32_BIT_CONVERSION = YES;
				GCC_WARN_ABOUT_RETURN_TYPE = YES_ERROR;
				GCC_WARN_UNDECLARED_SELECTOR = YES;
				GCC_WARN_UNINITIALIZED_AUTOS = YES_AGGRESSIVE;
				GCC_WARN_UNUSED_FUNCTION = YES;
				GCC_WARN_UNUSED_VARIABLE = YES;
				IPHONEOS_DEPLOYMENT_TARGET = 15.0;
				LOCALIZATION_PREFERS_STRING_CATALOGS = YES;
				MTL_ENABLE_DEBUG_INFO = NO;
				MTL_FAST_MATH = YES;
				SDKROOT = iphoneos;
				SWIFT_COMPILATION_MODE = wholemodule;
				VALIDATE_PRODUCT = YES;
			};
			name = Release;
		};
		F44248982D5A012200A5034E /* Debug */ = {
			isa = XCBuildConfiguration;
			baseConfigurationReference = 2626204E27F7A60FFDC254EA /* Pods-GoogleMapGeofence.debug.xcconfig */;
			buildSettings = {
				ASSETCATALOG_COMPILER_APPICON_NAME = AppIcon;
				ASSETCATALOG_COMPILER_GLOBAL_ACCENT_COLOR_NAME = AccentColor;
				CODE_SIGN_STYLE = Automatic;
				CURRENT_PROJECT_VERSION = 1;
				DEVELOPMENT_ASSET_PATHS = "\"GoogleMapGeofence/Preview Content\"";
				DEVELOPMENT_TEAM = G6A84U52VG;
				ENABLE_PREVIEWS = YES;
				GENERATE_INFOPLIST_FILE = YES;
				INFOPLIST_FILE = GoogleMapGeofence/Info.plist;
				INFOPLIST_KEY_NSLocationAlwaysAndWhenInUseUsageDescription = "This app needs your location for better user experience.";
				INFOPLIST_KEY_NSLocationAlwaysUsageDescription = "This app needs access to your location even when running in the background.";
				INFOPLIST_KEY_NSLocationWhenInUseUsageDescription = "We need your location to show places around you.";
				INFOPLIST_KEY_UIApplicationSceneManifest_Generation = YES;
				INFOPLIST_KEY_UIApplicationSupportsIndirectInputEvents = YES;
				INFOPLIST_KEY_UILaunchScreen_Generation = YES;
				INFOPLIST_KEY_UISupportedInterfaceOrientations_iPad = "UIInterfaceOrientationPortrait UIInterfaceOrientationPortraitUpsideDown UIInterfaceOrientationLandscapeLeft UIInterfaceOrientationLandscapeRight";
				INFOPLIST_KEY_UISupportedInterfaceOrientations_iPhone = "UIInterfaceOrientationPortrait UIInterfaceOrientationLandscapeLeft UIInterfaceOrientationLandscapeRight";
				IPHONEOS_DEPLOYMENT_TARGET = 15.0;
				LD_RUNPATH_SEARCH_PATHS = (
					"$(inherited)",
					"@executable_path/Frameworks",
				);
				MARKETING_VERSION = 1.0;
				PRODUCT_BUNDLE_IDENTIFIER = com.thinkitive.GoogleMapGeofence;
				PRODUCT_NAME = "$(TARGET_NAME)";
				SWIFT_EMIT_LOC_STRINGS = YES;
				SWIFT_VERSION = 5.0;
				TARGETED_DEVICE_FAMILY = "1,2";
			};
			name = Debug;
		};
		F44248992D5A012200A5034E /* Release */ = {
			isa = XCBuildConfiguration;
			baseConfigurationReference = 07FCDF31736E4D51C074CB40 /* Pods-GoogleMapGeofence.release.xcconfig */;
			buildSettings = {
				ASSETCATALOG_COMPILER_APPICON_NAME = AppIcon;
				ASSETCATALOG_COMPILER_GLOBAL_ACCENT_COLOR_NAME = AccentColor;
				CODE_SIGN_STYLE = Automatic;
				CURRENT_PROJECT_VERSION = 1;
				DEVELOPMENT_ASSET_PATHS = "\"GoogleMapGeofence/Preview Content\"";
				DEVELOPMENT_TEAM = G6A84U52VG;
				ENABLE_PREVIEWS = YES;
				GENERATE_INFOPLIST_FILE = YES;
				INFOPLIST_FILE = GoogleMapGeofence/Info.plist;
				INFOPLIST_KEY_NSLocationAlwaysAndWhenInUseUsageDescription = "This app needs your location for better user experience.";
				INFOPLIST_KEY_NSLocationAlwaysUsageDescription = "This app needs access to your location even when running in the background.";
				INFOPLIST_KEY_NSLocationWhenInUseUsageDescription = "We need your location to show places around you.";
				INFOPLIST_KEY_UIApplicationSceneManifest_Generation = YES;
				INFOPLIST_KEY_UIApplicationSupportsIndirectInputEvents = YES;
				INFOPLIST_KEY_UILaunchScreen_Generation = YES;
				INFOPLIST_KEY_UISupportedInterfaceOrientations_iPad = "UIInterfaceOrientationPortrait UIInterfaceOrientationPortraitUpsideDown UIInterfaceOrientationLandscapeLeft UIInterfaceOrientationLandscapeRight";
				INFOPLIST_KEY_UISupportedInterfaceOrientations_iPhone = "UIInterfaceOrientationPortrait UIInterfaceOrientationLandscapeLeft UIInterfaceOrientationLandscapeRight";
				IPHONEOS_DEPLOYMENT_TARGET = 15.0;
				LD_RUNPATH_SEARCH_PATHS = (
					"$(inherited)",
					"@executable_path/Frameworks",
				);
				MARKETING_VERSION = 1.0;
				PRODUCT_BUNDLE_IDENTIFIER = com.thinkitive.GoogleMapGeofence;
				PRODUCT_NAME = "$(TARGET_NAME)";
				SWIFT_EMIT_LOC_STRINGS = YES;
				SWIFT_VERSION = 5.0;
				TARGETED_DEVICE_FAMILY = "1,2";
			};
			name = Release;
		};
/* End XCBuildConfiguration section */

/* Begin XCConfigurationList section */
		F44248842D5A012100A5034E /* Build configuration list for PBXProject "GoogleMapGeofence" */ = {
			isa = XCConfigurationList;
			buildConfigurations = (
				F44248952D5A012200A5034E /* Debug */,
				F44248962D5A012200A5034E /* Release */,
			);
			defaultConfigurationIsVisible = 0;
			defaultConfigurationName = Release;
		};
		F44248972D5A012200A5034E /* Build configuration list for PBXNativeTarget "GoogleMapGeofence" */ = {
			isa = XCConfigurationList;
			buildConfigurations = (
				F44248982D5A012200A5034E /* Debug */,
				F44248992D5A012200A5034E /* Release */,
			);
			defaultConfigurationIsVisible = 0;
			defaultConfigurationName = Release;
		};
/* End XCConfigurationList section */
	};
	rootObject = F44248812D5A012100A5034E /* Project object */;
}
